# This file is automatically @generated by Cargo.
# It is not intended for manual editing.
version = 3

[[package]]
name = "futhark_syntax"
version = "0.1.0-devel"
dependencies = [
 "regex-syntax",
 "smol_str",
]

[[package]]
name = "regex-syntax"
version = "0.7.5"
source = "registry+https://github.com/rust-lang/crates.io-index"
checksum = "dbb5fb1acd8a1a18b3dd5be62d25485eb770e05afb408a9627d14d451bae12da"

[[package]]
name = "smol_str"
version = "0.2.0"
source = "registry+https://github.com/rust-lang/crates.io-index"
checksum = "74212e6bbe9a4352329b2f68ba3130c15a3f26fe88ff22dbdc6cdd58fa85e99c"
