# This file is automatically @generated by Cargo.
# It is not intended for manual editing.
version = 3

[[package]]
name = "futhark_syntax"
version = "0.1.0-devel"
dependencies = [
 "regex-syntax",
 "smol_str",
]

[[package]]
name = "regex-syntax"
version = "0.7.1"

[[package]]
name = "smol_str"
version = "0.2.0"
